
Microsoft Visual Studio Solution File, Format Version 12.00
# Visual Studio 2012
Project("{FAE04EC0-301F-11D3-BF4B-00C04F79EFBC}") = "QuanLyQuanCaPhe", "QUanLyQuanCaPhe\QuanLyQuanCaPhe.csproj", "{A73D3D95-59DA-4712-A4F1-F8A05E2052A8}"
EndProject
Project("{FAE04EC0-301F-11D3-BF4B-00C04F79EFBC}") = "ThuVienControls", "ThuVienControls\ThuVienControls.csproj", "{B84F72F7-518B-4A44-8088-D3F9CCCD7A14}"
EndProject
Global
	GlobalSection(SolutionConfigurationPlatforms) = preSolution
		Debug|Any CPU = Debug|Any CPU
		Release|Any CPU = Release|Any CPU
	EndGlobalSection
	GlobalSection(ProjectConfigurationPlatforms) = postSolution
		{A73D3D95-59DA-4712-A4F1-F8A05E2052A8}.Debug|Any CPU.ActiveCfg = Debug|Any CPU
		{A73D3D95-59DA-4712-A4F1-F8A05E2052A8}.Debug|Any CPU.Build.0 = Debug|Any CPU
		{A73D3D95-59DA-4712-A4F1-F8A05E2052A8}.Release|Any CPU.ActiveCfg = Release|Any CPU
		{A73D3D95-59DA-4712-A4F1-F8A05E2052A8}.Release|Any CPU.Build.0 = Release|Any CPU
		{B84F72F7-518B-4A44-8088-D3F9CCCD7A14}.Debug|Any CPU.ActiveCfg = Debug|Any CPU
		{B84F72F7-518B-4A44-8088-D3F9CCCD7A14}.Debug|Any CPU.Build.0 = Debug|Any CPU
		{B84F72F7-518B-4A44-8088-D3F9CCCD7A14}.Release|Any CPU.ActiveCfg = Release|Any CPU
		{B84F72F7-518B-4A44-8088-D3F9CCCD7A14}.Release|Any CPU.Build.0 = Release|Any CPU
	EndGlobalSection
	GlobalSection(SolutionProperties) = preSolution
		HideSolutionNode = FALSE
	EndGlobalSection
	GlobalSection(ExtensibilityGlobals) = postSolution
		SolutionGuid = {F6DE05AC-396A-45EB-B1F6-8870021F1F27}
	EndGlobalSection
EndGlobal
